// !$*UTF8*$!
{
	archiveVersion = 1;
	classes = {
	};
	objectVersion = 56;
	objects = {

/* Begin PBXBuildFile section */
		89F7CD1D29C5B19A005BFA22 /* BetterEnglishApp.swift in Sources */ = {isa = PBXBuildFile; fileRef = 89F7CD1C29C5B19A005BFA22 /* BetterEnglishApp.swift */; };
		89F7CD1F29C5B19A005BFA22 /* ContentView.swift in Sources */ = {isa = PBXBuildFile; fileRef = 89F7CD1E29C5B19A005BFA22 /* ContentView.swift */; };
		89F7CD2129C5B19B005BFA22 /* Assets.xcassets in Resources */ = {isa = PBXBuildFile; fileRef = 89F7CD2029C5B19B005BFA22 /* Assets.xcassets */; };
		89F7CD2429C5B19B005BFA22 /* Preview Assets.xcassets in Resources */ = {isa = PBXBuildFile; fileRef = 89F7CD2329C5B19B005BFA22 /* Preview Assets.xcassets */; };
		89F7CD2E29C5B19B005BFA22 /* BetterEnglishTests.swift in Sources */ = {isa = PBXBuildFile; fileRef = 89F7CD2D29C5B19B005BFA22 /* BetterEnglishTests.swift */; };
		89F7CD3829C5B19B005BFA22 /* BetterEnglishUITests.swift in Sources */ = {isa = PBXBuildFile; fileRef = 89F7CD3729C5B19B005BFA22 /* BetterEnglishUITests.swift */; };
		89F7CD3A29C5B19B005BFA22 /* BetterEnglishUITestsLaunchTests.swift in Sources */ = {isa = PBXBuildFile; fileRef = 89F7CD3929C5B19B005BFA22 /* BetterEnglishUITestsLaunchTests.swift */; };
		89F7CD4929C5FF7F005BFA22 /* loginPage.swift in Sources */ = {isa = PBXBuildFile; fileRef = 89F7CD4829C5FF7F005BFA22 /* loginPage.swift */; };
		89F7CD4D29C6024D005BFA22 /* signupPage.swift in Sources */ = {isa = PBXBuildFile; fileRef = 89F7CD4C29C6024D005BFA22 /* signupPage.swift */; };
		89F7CD4F29C61ABD005BFA22 /* homePage.swift in Sources */ = {isa = PBXBuildFile; fileRef = 89F7CD4E29C61ABD005BFA22 /* homePage.swift */; };
		89F7CD5129C63226005BFA22 /* chatUI.swift in Sources */ = {isa = PBXBuildFile; fileRef = 89F7CD5029C63226005BFA22 /* chatUI.swift */; };
		89F8508029CA289A009D5EB1 /* GoogleService-Info.plist in Resources */ = {isa = PBXBuildFile; fileRef = 89F8507F29CA289A009D5EB1 /* GoogleService-Info.plist */; };
		89F8508129CA289A009D5EB1 /* GoogleService-Info.plist in Resources */ = {isa = PBXBuildFile; fileRef = 89F8507F29CA289A009D5EB1 /* GoogleService-Info.plist */; };
		89F8508229CA289A009D5EB1 /* GoogleService-Info.plist in Resources */ = {isa = PBXBuildFile; fileRef = 89F8507F29CA289A009D5EB1 /* GoogleService-Info.plist */; };
		89F8508529CA2B72009D5EB1 /* FirebaseAnalytics in Frameworks */ = {isa = PBXBuildFile; productRef = 89F8508429CA2B72009D5EB1 /* FirebaseAnalytics */; };
		89F8508729CA2B72009D5EB1 /* FirebaseAnalyticsOnDeviceConversion in Frameworks */ = {isa = PBXBuildFile; productRef = 89F8508629CA2B72009D5EB1 /* FirebaseAnalyticsOnDeviceConversion */; };
		89F8508929CA2B72009D5EB1 /* FirebaseAnalyticsSwift in Frameworks */ = {isa = PBXBuildFile; productRef = 89F8508829CA2B72009D5EB1 /* FirebaseAnalyticsSwift */; };
		89F8508B29CA2B72009D5EB1 /* FirebaseAnalyticsWithoutAdIdSupport in Frameworks */ = {isa = PBXBuildFile; productRef = 89F8508A29CA2B72009D5EB1 /* FirebaseAnalyticsWithoutAdIdSupport */; };
		89F8508D29CA2B72009D5EB1 /* FirebaseAppCheck in Frameworks */ = {isa = PBXBuildFile; productRef = 89F8508C29CA2B72009D5EB1 /* FirebaseAppCheck */; };
		89F8508F29CA2B72009D5EB1 /* FirebaseAppDistribution-Beta in Frameworks */ = {isa = PBXBuildFile; productRef = 89F8508E29CA2B72009D5EB1 /* FirebaseAppDistribution-Beta */; };
		89F8509129CA2B72009D5EB1 /* FirebaseAuth in Frameworks */ = {isa = PBXBuildFile; productRef = 89F8509029CA2B72009D5EB1 /* FirebaseAuth */; };
		89F8509329CA2B72009D5EB1 /* FirebaseAuthCombine-Community in Frameworks */ = {isa = PBXBuildFile; productRef = 89F8509229CA2B72009D5EB1 /* FirebaseAuthCombine-Community */; };
		89F8509529CA2B72009D5EB1 /* FirebaseCrashlytics in Frameworks */ = {isa = PBXBuildFile; productRef = 89F8509429CA2B72009D5EB1 /* FirebaseCrashlytics */; };
		89F8509729CA2B72009D5EB1 /* FirebaseDatabase in Frameworks */ = {isa = PBXBuildFile; productRef = 89F8509629CA2B72009D5EB1 /* FirebaseDatabase */; };
		89F8509929CA2B72009D5EB1 /* FirebaseDatabaseSwift in Frameworks */ = {isa = PBXBuildFile; productRef = 89F8509829CA2B72009D5EB1 /* FirebaseDatabaseSwift */; };
		89F8509B29CA2B72009D5EB1 /* FirebaseDynamicLinks in Frameworks */ = {isa = PBXBuildFile; productRef = 89F8509A29CA2B72009D5EB1 /* FirebaseDynamicLinks */; };
		89F8509D29CA2B72009D5EB1 /* FirebaseFirestore in Frameworks */ = {isa = PBXBuildFile; productRef = 89F8509C29CA2B72009D5EB1 /* FirebaseFirestore */; };
		89F8509F29CA2B72009D5EB1 /* FirebaseFirestoreCombine-Community in Frameworks */ = {isa = PBXBuildFile; productRef = 89F8509E29CA2B72009D5EB1 /* FirebaseFirestoreCombine-Community */; };
		89F850A129CA2B72009D5EB1 /* FirebaseFirestoreSwift in Frameworks */ = {isa = PBXBuildFile; productRef = 89F850A029CA2B72009D5EB1 /* FirebaseFirestoreSwift */; };
		89F850A329CA2B72009D5EB1 /* FirebaseFunctions in Frameworks */ = {isa = PBXBuildFile; productRef = 89F850A229CA2B72009D5EB1 /* FirebaseFunctions */; };
		89F850A529CA2B72009D5EB1 /* FirebaseFunctionsCombine-Community in Frameworks */ = {isa = PBXBuildFile; productRef = 89F850A429CA2B72009D5EB1 /* FirebaseFunctionsCombine-Community */; };
		89F850A729CA2B72009D5EB1 /* FirebaseInAppMessaging-Beta in Frameworks */ = {isa = PBXBuildFile; productRef = 89F850A629CA2B72009D5EB1 /* FirebaseInAppMessaging-Beta */; };
		89F850A929CA2B72009D5EB1 /* FirebaseInAppMessagingSwift-Beta in Frameworks */ = {isa = PBXBuildFile; productRef = 89F850A829CA2B72009D5EB1 /* FirebaseInAppMessagingSwift-Beta */; };
		89F850AB29CA2B72009D5EB1 /* FirebaseInstallations in Frameworks */ = {isa = PBXBuildFile; productRef = 89F850AA29CA2B72009D5EB1 /* FirebaseInstallations */; };
		89F850AD29CA2B72009D5EB1 /* FirebaseMLModelDownloader in Frameworks */ = {isa = PBXBuildFile; productRef = 89F850AC29CA2B72009D5EB1 /* FirebaseMLModelDownloader */; };
		89F850AF29CA2B72009D5EB1 /* FirebaseMessaging in Frameworks */ = {isa = PBXBuildFile; productRef = 89F850AE29CA2B72009D5EB1 /* FirebaseMessaging */; };
		89F850B129CA2B72009D5EB1 /* FirebasePerformance in Frameworks */ = {isa = PBXBuildFile; productRef = 89F850B029CA2B72009D5EB1 /* FirebasePerformance */; };
		89F850B329CA2B72009D5EB1 /* FirebaseRemoteConfig in Frameworks */ = {isa = PBXBuildFile; productRef = 89F850B229CA2B72009D5EB1 /* FirebaseRemoteConfig */; };
		89F850B529CA2B72009D5EB1 /* FirebaseRemoteConfigSwift in Frameworks */ = {isa = PBXBuildFile; productRef = 89F850B429CA2B72009D5EB1 /* FirebaseRemoteConfigSwift */; };
		89F850B729CA2B72009D5EB1 /* FirebaseStorage in Frameworks */ = {isa = PBXBuildFile; productRef = 89F850B629CA2B72009D5EB1 /* FirebaseStorage */; };
		89F850B929CA2B72009D5EB1 /* FirebaseStorageCombine-Community in Frameworks */ = {isa = PBXBuildFile; productRef = 89F850B829CA2B72009D5EB1 /* FirebaseStorageCombine-Community */; };
/* End PBXBuildFile section */

/* Begin PBXContainerItemProxy section */
		89F7CD2A29C5B19B005BFA22 /* PBXContainerItemProxy */ = {
			isa = PBXContainerItemProxy;
			containerPortal = 89F7CD1129C5B19A005BFA22 /* Project object */;
			proxyType = 1;
			remoteGlobalIDString = 89F7CD1829C5B19A005BFA22;
			remoteInfo = BetterEnglish;
		};
		89F7CD3429C5B19B005BFA22 /* PBXContainerItemProxy */ = {
			isa = PBXContainerItemProxy;
			containerPortal = 89F7CD1129C5B19A005BFA22 /* Project object */;
			proxyType = 1;
			remoteGlobalIDString = 89F7CD1829C5B19A005BFA22;
			remoteInfo = BetterEnglish;
		};
/* End PBXContainerItemProxy section */

/* Begin PBXFileReference section */
		89F7CD1929C5B19A005BFA22 /* BetterEnglish.app */ = {isa = PBXFileReference; explicitFileType = wrapper.application; includeInIndex = 0; path = BetterEnglish.app; sourceTree = BUILT_PRODUCTS_DIR; };
		89F7CD1C29C5B19A005BFA22 /* BetterEnglishApp.swift */ = {isa = PBXFileReference; lastKnownFileType = sourcecode.swift; path = BetterEnglishApp.swift; sourceTree = "<group>"; };
		89F7CD1E29C5B19A005BFA22 /* ContentView.swift */ = {isa = PBXFileReference; lastKnownFileType = sourcecode.swift; path = ContentView.swift; sourceTree = "<group>"; };
		89F7CD2029C5B19B005BFA22 /* Assets.xcassets */ = {isa = PBXFileReference; lastKnownFileType = folder.assetcatalog; path = Assets.xcassets; sourceTree = "<group>"; };
		89F7CD2329C5B19B005BFA22 /* Preview Assets.xcassets */ = {isa = PBXFileReference; lastKnownFileType = folder.assetcatalog; path = "Preview Assets.xcassets"; sourceTree = "<group>"; };
		89F7CD2929C5B19B005BFA22 /* BetterEnglishTests.xctest */ = {isa = PBXFileReference; explicitFileType = wrapper.cfbundle; includeInIndex = 0; path = BetterEnglishTests.xctest; sourceTree = BUILT_PRODUCTS_DIR; };
		89F7CD2D29C5B19B005BFA22 /* BetterEnglishTests.swift */ = {isa = PBXFileReference; lastKnownFileType = sourcecode.swift; path = BetterEnglishTests.swift; sourceTree = "<group>"; };
		89F7CD3329C5B19B005BFA22 /* BetterEnglishUITests.xctest */ = {isa = PBXFileReference; explicitFileType = wrapper.cfbundle; includeInIndex = 0; path = BetterEnglishUITests.xctest; sourceTree = BUILT_PRODUCTS_DIR; };
		89F7CD3729C5B19B005BFA22 /* BetterEnglishUITests.swift */ = {isa = PBXFileReference; lastKnownFileType = sourcecode.swift; path = BetterEnglishUITests.swift; sourceTree = "<group>"; };
		89F7CD3929C5B19B005BFA22 /* BetterEnglishUITestsLaunchTests.swift */ = {isa = PBXFileReference; lastKnownFileType = sourcecode.swift; path = BetterEnglishUITestsLaunchTests.swift; sourceTree = "<group>"; };
		89F7CD4829C5FF7F005BFA22 /* loginPage.swift */ = {isa = PBXFileReference; lastKnownFileType = sourcecode.swift; path = loginPage.swift; sourceTree = "<group>"; };
		89F7CD4C29C6024D005BFA22 /* signupPage.swift */ = {isa = PBXFileReference; lastKnownFileType = sourcecode.swift; path = signupPage.swift; sourceTree = "<group>"; };
		89F7CD4E29C61ABD005BFA22 /* homePage.swift */ = {isa = PBXFileReference; lastKnownFileType = sourcecode.swift; path = homePage.swift; sourceTree = "<group>"; };
		89F7CD5029C63226005BFA22 /* chatUI.swift */ = {isa = PBXFileReference; lastKnownFileType = sourcecode.swift; path = chatUI.swift; sourceTree = "<group>"; };
		89F8507F29CA289A009D5EB1 /* GoogleService-Info.plist */ = {isa = PBXFileReference; fileEncoding = 4; lastKnownFileType = text.plist.xml; name = "GoogleService-Info.plist"; path = "../../../../Downloads/GoogleService-Info.plist"; sourceTree = "<group>"; };
		89F850BA29CA5127009D5EB1 /* Info.plist */ = {isa = PBXFileReference; lastKnownFileType = text.plist; path = Info.plist; sourceTree = "<group>"; };
/* End PBXFileReference section */

/* Begin PBXFrameworksBuildPhase section */
		89F7CD1629C5B19A005BFA22 /* Frameworks */ = {
			isa = PBXFrameworksBuildPhase;
			buildActionMask = 2147483647;
			files = (
				89F8509729CA2B72009D5EB1 /* FirebaseDatabase in Frameworks */,
				89F850A529CA2B72009D5EB1 /* FirebaseFunctionsCombine-Community in Frameworks */,
				89F8509D29CA2B72009D5EB1 /* FirebaseFirestore in Frameworks */,
				89F8508929CA2B72009D5EB1 /* FirebaseAnalyticsSwift in Frameworks */,
				89F8508529CA2B72009D5EB1 /* FirebaseAnalytics in Frameworks */,
				89F8508729CA2B72009D5EB1 /* FirebaseAnalyticsOnDeviceConversion in Frameworks */,
				89F850AD29CA2B72009D5EB1 /* FirebaseMLModelDownloader in Frameworks */,
				89F850A129CA2B72009D5EB1 /* FirebaseFirestoreSwift in Frameworks */,
				89F8508D29CA2B72009D5EB1 /* FirebaseAppCheck in Frameworks */,
				89F8508B29CA2B72009D5EB1 /* FirebaseAnalyticsWithoutAdIdSupport in Frameworks */,
				89F8509129CA2B72009D5EB1 /* FirebaseAuth in Frameworks */,
				89F8509529CA2B72009D5EB1 /* FirebaseCrashlytics in Frameworks */,
				89F850B529CA2B72009D5EB1 /* FirebaseRemoteConfigSwift in Frameworks */,
				89F850A729CA2B72009D5EB1 /* FirebaseInAppMessaging-Beta in Frameworks */,
				89F8509929CA2B72009D5EB1 /* FirebaseDatabaseSwift in Frameworks */,
				89F850A329CA2B72009D5EB1 /* FirebaseFunctions in Frameworks */,
				89F850B929CA2B72009D5EB1 /* FirebaseStorageCombine-Community in Frameworks */,
				89F850B329CA2B72009D5EB1 /* FirebaseRemoteConfig in Frameworks */,
				89F8508F29CA2B72009D5EB1 /* FirebaseAppDistribution-Beta in Frameworks */,
				89F8509329CA2B72009D5EB1 /* FirebaseAuthCombine-Community in Frameworks */,
				89F850B129CA2B72009D5EB1 /* FirebasePerformance in Frameworks */,
				89F850A929CA2B72009D5EB1 /* FirebaseInAppMessagingSwift-Beta in Frameworks */,
				89F850B729CA2B72009D5EB1 /* FirebaseStorage in Frameworks */,
				89F8509B29CA2B72009D5EB1 /* FirebaseDynamicLinks in Frameworks */,
				89F8509F29CA2B72009D5EB1 /* FirebaseFirestoreCombine-Community in Frameworks */,
				89F850AF29CA2B72009D5EB1 /* FirebaseMessaging in Frameworks */,
				89F850AB29CA2B72009D5EB1 /* FirebaseInstallations in Frameworks */,
			);
			runOnlyForDeploymentPostprocessing = 0;
		};
		89F7CD2629C5B19B005BFA22 /* Frameworks */ = {
			isa = PBXFrameworksBuildPhase;
			buildActionMask = 2147483647;
			files = (
			);
			runOnlyForDeploymentPostprocessing = 0;
		};
		89F7CD3029C5B19B005BFA22 /* Frameworks */ = {
			isa = PBXFrameworksBuildPhase;
			buildActionMask = 2147483647;
			files = (
			);
			runOnlyForDeploymentPostprocessing = 0;
		};
/* End PBXFrameworksBuildPhase section */

/* Begin PBXGroup section */
		89F7CD1029C5B19A005BFA22 = {
			isa = PBXGroup;
			children = (
				89F7CD1B29C5B19A005BFA22 /* BetterEnglish */,
				89F7CD2C29C5B19B005BFA22 /* BetterEnglishTests */,
				89F7CD3629C5B19B005BFA22 /* BetterEnglishUITests */,
				89F7CD1A29C5B19A005BFA22 /* Products */,
			);
			sourceTree = "<group>";
		};
		89F7CD1A29C5B19A005BFA22 /* Products */ = {
			isa = PBXGroup;
			children = (
				89F7CD1929C5B19A005BFA22 /* BetterEnglish.app */,
				89F7CD2929C5B19B005BFA22 /* BetterEnglishTests.xctest */,
				89F7CD3329C5B19B005BFA22 /* BetterEnglishUITests.xctest */,
			);
			name = Products;
			sourceTree = "<group>";
		};
		89F7CD1B29C5B19A005BFA22 /* BetterEnglish */ = {
			isa = PBXGroup;
			children = (
				89F850BA29CA5127009D5EB1 /* Info.plist */,
				89F7CD1C29C5B19A005BFA22 /* BetterEnglishApp.swift */,
				89F7CD1E29C5B19A005BFA22 /* ContentView.swift */,
				89F7CD4829C5FF7F005BFA22 /* loginPage.swift */,
				89F7CD4C29C6024D005BFA22 /* signupPage.swift */,
				89F7CD5029C63226005BFA22 /* chatUI.swift */,
				89F7CD4E29C61ABD005BFA22 /* homePage.swift */,
				89F7CD2029C5B19B005BFA22 /* Assets.xcassets */,
				89F8507F29CA289A009D5EB1 /* GoogleService-Info.plist */,
				89F7CD2229C5B19B005BFA22 /* Preview Content */,
			);
			path = BetterEnglish;
			sourceTree = "<group>";
		};
		89F7CD2229C5B19B005BFA22 /* Preview Content */ = {
			isa = PBXGroup;
			children = (
				89F7CD2329C5B19B005BFA22 /* Preview Assets.xcassets */,
			);
			path = "Preview Content";
			sourceTree = "<group>";
		};
		89F7CD2C29C5B19B005BFA22 /* BetterEnglishTests */ = {
			isa = PBXGroup;
			children = (
				89F7CD2D29C5B19B005BFA22 /* BetterEnglishTests.swift */,
			);
			path = BetterEnglishTests;
			sourceTree = "<group>";
		};
		89F7CD3629C5B19B005BFA22 /* BetterEnglishUITests */ = {
			isa = PBXGroup;
			children = (
				89F7CD3729C5B19B005BFA22 /* BetterEnglishUITests.swift */,
				89F7CD3929C5B19B005BFA22 /* BetterEnglishUITestsLaunchTests.swift */,
			);
			path = BetterEnglishUITests;
			sourceTree = "<group>";
		};
/* End PBXGroup section */

/* Begin PBXNativeTarget section */
		89F7CD1829C5B19A005BFA22 /* BetterEnglish */ = {
			isa = PBXNativeTarget;
			buildConfigurationList = 89F7CD3D29C5B19B005BFA22 /* Build configuration list for PBXNativeTarget "BetterEnglish" */;
			buildPhases = (
				89F7CD1529C5B19A005BFA22 /* Sources */,
				89F7CD1629C5B19A005BFA22 /* Frameworks */,
				89F7CD1729C5B19A005BFA22 /* Resources */,
			);
			buildRules = (
			);
			dependencies = (
			);
			name = BetterEnglish;
			packageProductDependencies = (
				89F8508429CA2B72009D5EB1 /* FirebaseAnalytics */,
				89F8508629CA2B72009D5EB1 /* FirebaseAnalyticsOnDeviceConversion */,
				89F8508829CA2B72009D5EB1 /* FirebaseAnalyticsSwift */,
				89F8508A29CA2B72009D5EB1 /* FirebaseAnalyticsWithoutAdIdSupport */,
				89F8508C29CA2B72009D5EB1 /* FirebaseAppCheck */,
				89F8508E29CA2B72009D5EB1 /* FirebaseAppDistribution-Beta */,
				89F8509029CA2B72009D5EB1 /* FirebaseAuth */,
				89F8509229CA2B72009D5EB1 /* FirebaseAuthCombine-Community */,
				89F8509429CA2B72009D5EB1 /* FirebaseCrashlytics */,
				89F8509629CA2B72009D5EB1 /* FirebaseDatabase */,
				89F8509829CA2B72009D5EB1 /* FirebaseDatabaseSwift */,
				89F8509A29CA2B72009D5EB1 /* FirebaseDynamicLinks */,
				89F8509C29CA2B72009D5EB1 /* FirebaseFirestore */,
				89F8509E29CA2B72009D5EB1 /* FirebaseFirestoreCombine-Community */,
				89F850A029CA2B72009D5EB1 /* FirebaseFirestoreSwift */,
				89F850A229CA2B72009D5EB1 /* FirebaseFunctions */,
				89F850A429CA2B72009D5EB1 /* FirebaseFunctionsCombine-Community */,
				89F850A629CA2B72009D5EB1 /* FirebaseInAppMessaging-Beta */,
				89F850A829CA2B72009D5EB1 /* FirebaseInAppMessagingSwift-Beta */,
				89F850AA29CA2B72009D5EB1 /* FirebaseInstallations */,
				89F850AC29CA2B72009D5EB1 /* FirebaseMLModelDownloader */,
				89F850AE29CA2B72009D5EB1 /* FirebaseMessaging */,
				89F850B029CA2B72009D5EB1 /* FirebasePerformance */,
				89F850B229CA2B72009D5EB1 /* FirebaseRemoteConfig */,
				89F850B429CA2B72009D5EB1 /* FirebaseRemoteConfigSwift */,
				89F850B629CA2B72009D5EB1 /* FirebaseStorage */,
				89F850B829CA2B72009D5EB1 /* FirebaseStorageCombine-Community */,
			);
			productName = BetterEnglish;
			productReference = 89F7CD1929C5B19A005BFA22 /* BetterEnglish.app */;
			productType = "com.apple.product-type.application";
		};
		89F7CD2829C5B19B005BFA22 /* BetterEnglishTests */ = {
			isa = PBXNativeTarget;
			buildConfigurationList = 89F7CD4029C5B19B005BFA22 /* Build configuration list for PBXNativeTarget "BetterEnglishTests" */;
			buildPhases = (
				89F7CD2529C5B19B005BFA22 /* Sources */,
				89F7CD2629C5B19B005BFA22 /* Frameworks */,
				89F7CD2729C5B19B005BFA22 /* Resources */,
			);
			buildRules = (
			);
			dependencies = (
				89F7CD2B29C5B19B005BFA22 /* PBXTargetDependency */,
			);
			name = BetterEnglishTests;
			productName = BetterEnglishTests;
			productReference = 89F7CD2929C5B19B005BFA22 /* BetterEnglishTests.xctest */;
			productType = "com.apple.product-type.bundle.unit-test";
		};
		89F7CD3229C5B19B005BFA22 /* BetterEnglishUITests */ = {
			isa = PBXNativeTarget;
			buildConfigurationList = 89F7CD4329C5B19B005BFA22 /* Build configuration list for PBXNativeTarget "BetterEnglishUITests" */;
			buildPhases = (
				89F7CD2F29C5B19B005BFA22 /* Sources */,
				89F7CD3029C5B19B005BFA22 /* Frameworks */,
				89F7CD3129C5B19B005BFA22 /* Resources */,
			);
			buildRules = (
			);
			dependencies = (
				89F7CD3529C5B19B005BFA22 /* PBXTargetDependency */,
			);
			name = BetterEnglishUITests;
			productName = BetterEnglishUITests;
			productReference = 89F7CD3329C5B19B005BFA22 /* BetterEnglishUITests.xctest */;
			productType = "com.apple.product-type.bundle.ui-testing";
		};
/* End PBXNativeTarget section */

/* Begin PBXProject section */
		89F7CD1129C5B19A005BFA22 /* Project object */ = {
			isa = PBXProject;
			attributes = {
				BuildIndependentTargetsInParallel = 1;
				LastSwiftUpdateCheck = 1420;
				LastUpgradeCheck = 1420;
				TargetAttributes = {
					89F7CD1829C5B19A005BFA22 = {
						CreatedOnToolsVersion = 14.2;
					};
					89F7CD2829C5B19B005BFA22 = {
						CreatedOnToolsVersion = 14.2;
						TestTargetID = 89F7CD1829C5B19A005BFA22;
					};
					89F7CD3229C5B19B005BFA22 = {
						CreatedOnToolsVersion = 14.2;
						TestTargetID = 89F7CD1829C5B19A005BFA22;
					};
				};
			};
			buildConfigurationList = 89F7CD1429C5B19A005BFA22 /* Build configuration list for PBXProject "BetterEnglish" */;
			compatibilityVersion = "Xcode 14.0";
			developmentRegion = en;
			hasScannedForEncodings = 0;
			knownRegions = (
				en,
				Base,
			);
			mainGroup = 89F7CD1029C5B19A005BFA22;
			packageReferences = (
				89F8508329CA2B72009D5EB1 /* XCRemoteSwiftPackageReference "firebase-ios-sdk" */,
			);
			productRefGroup = 89F7CD1A29C5B19A005BFA22 /* Products */;
			projectDirPath = "";
			projectRoot = "";
			targets = (
				89F7CD1829C5B19A005BFA22 /* BetterEnglish */,
				89F7CD2829C5B19B005BFA22 /* BetterEnglishTests */,
				89F7CD3229C5B19B005BFA22 /* BetterEnglishUITests */,
			);
		};
/* End PBXProject section */

/* Begin PBXResourcesBuildPhase section */
		89F7CD1729C5B19A005BFA22 /* Resources */ = {
			isa = PBXResourcesBuildPhase;
			buildActionMask = 2147483647;
			files = (
				89F7CD2429C5B19B005BFA22 /* Preview Assets.xcassets in Resources */,
				89F7CD2129C5B19B005BFA22 /* Assets.xcassets in Resources */,
				89F8508029CA289A009D5EB1 /* GoogleService-Info.plist in Resources */,
			);
			runOnlyForDeploymentPostprocessing = 0;
		};
		89F7CD2729C5B19B005BFA22 /* Resources */ = {
			isa = PBXResourcesBuildPhase;
			buildActionMask = 2147483647;
			files = (
				89F8508129CA289A009D5EB1 /* GoogleService-Info.plist in Resources */,
			);
			runOnlyForDeploymentPostprocessing = 0;
		};
		89F7CD3129C5B19B005BFA22 /* Resources */ = {
			isa = PBXResourcesBuildPhase;
			buildActionMask = 2147483647;
			files = (
				89F8508229CA289A009D5EB1 /* GoogleService-Info.plist in Resources */,
			);
			runOnlyForDeploymentPostprocessing = 0;
		};
/* End PBXResourcesBuildPhase section */

/* Begin PBXSourcesBuildPhase section */
		89F7CD1529C5B19A005BFA22 /* Sources */ = {
			isa = PBXSourcesBuildPhase;
			buildActionMask = 2147483647;
			files = (
				89F7CD4F29C61ABD005BFA22 /* homePage.swift in Sources */,
				89F7CD5129C63226005BFA22 /* chatUI.swift in Sources */,
				89F7CD1F29C5B19A005BFA22 /* ContentView.swift in Sources */,
				89F7CD1D29C5B19A005BFA22 /* BetterEnglishApp.swift in Sources */,
				89F7CD4D29C6024D005BFA22 /* signupPage.swift in Sources */,
				89F7CD4929C5FF7F005BFA22 /* loginPage.swift in Sources */,
			);
			runOnlyForDeploymentPostprocessing = 0;
		};
		89F7CD2529C5B19B005BFA22 /* Sources */ = {
			isa = PBXSourcesBuildPhase;
			buildActionMask = 2147483647;
			files = (
				89F7CD2E29C5B19B005BFA22 /* BetterEnglishTests.swift in Sources */,
			);
			runOnlyForDeploymentPostprocessing = 0;
		};
		89F7CD2F29C5B19B005BFA22 /* Sources */ = {
			isa = PBXSourcesBuildPhase;
			buildActionMask = 2147483647;
			files = (
				89F7CD3829C5B19B005BFA22 /* BetterEnglishUITests.swift in Sources */,
				89F7CD3A29C5B19B005BFA22 /* BetterEnglishUITestsLaunchTests.swift in Sources */,
			);
			runOnlyForDeploymentPostprocessing = 0;
		};
/* End PBXSourcesBuildPhase section */

/* Begin PBXTargetDependency section */
		89F7CD2B29C5B19B005BFA22 /* PBXTargetDependency */ = {
			isa = PBXTargetDependency;
			target = 89F7CD1829C5B19A005BFA22 /* BetterEnglish */;
			targetProxy = 89F7CD2A29C5B19B005BFA22 /* PBXContainerItemProxy */;
		};
		89F7CD3529C5B19B005BFA22 /* PBXTargetDependency */ = {
			isa = PBXTargetDependency;
			target = 89F7CD1829C5B19A005BFA22 /* BetterEnglish */;
			targetProxy = 89F7CD3429C5B19B005BFA22 /* PBXContainerItemProxy */;
		};
/* End PBXTargetDependency section */

/* Begin XCBuildConfiguration section */
		89F7CD3B29C5B19B005BFA22 /* Debug */ = {
			isa = XCBuildConfiguration;
			buildSettings = {
				ALWAYS_SEARCH_USER_PATHS = NO;
				CLANG_ANALYZER_NONNULL = YES;
				CLANG_ANALYZER_NUMBER_OBJECT_CONVERSION = YES_AGGRESSIVE;
				CLANG_CXX_LANGUAGE_STANDARD = "gnu++20";
				CLANG_ENABLE_MODULES = YES;
				CLANG_ENABLE_OBJC_ARC = YES;
				CLANG_ENABLE_OBJC_WEAK = YES;
				CLANG_WARN_BLOCK_CAPTURE_AUTORELEASING = YES;
				CLANG_WARN_BOOL_CONVERSION = YES;
				CLANG_WARN_COMMA = YES;
				CLANG_WARN_CONSTANT_CONVERSION = YES;
				CLANG_WARN_DEPRECATED_OBJC_IMPLEMENTATIONS = YES;
				CLANG_WARN_DIRECT_OBJC_ISA_USAGE = YES_ERROR;
				CLANG_WARN_DOCUMENTATION_COMMENTS = YES;
				CLANG_WARN_EMPTY_BODY = YES;
				CLANG_WARN_ENUM_CONVERSION = YES;
				CLANG_WARN_INFINITE_RECURSION = YES;
				CLANG_WARN_INT_CONVERSION = YES;
				CLANG_WARN_NON_LITERAL_NULL_CONVERSION = YES;
				CLANG_WARN_OBJC_IMPLICIT_RETAIN_SELF = YES;
				CLANG_WARN_OBJC_LITERAL_CONVERSION = YES;
				CLANG_WARN_OBJC_ROOT_CLASS = YES_ERROR;
				CLANG_WARN_QUOTED_INCLUDE_IN_FRAMEWORK_HEADER = YES;
				CLANG_WARN_RANGE_LOOP_ANALYSIS = YES;
				CLANG_WARN_STRICT_PROTOTYPES = YES;
				CLANG_WARN_SUSPICIOUS_MOVE = YES;
				CLANG_WARN_UNGUARDED_AVAILABILITY = YES_AGGRESSIVE;
				CLANG_WARN_UNREACHABLE_CODE = YES;
				CLANG_WARN__DUPLICATE_METHOD_MATCH = YES;
				COPY_PHASE_STRIP = NO;
				DEBUG_INFORMATION_FORMAT = dwarf;
				ENABLE_STRICT_OBJC_MSGSEND = YES;
				ENABLE_TESTABILITY = YES;
				GCC_C_LANGUAGE_STANDARD = gnu11;
				GCC_DYNAMIC_NO_PIC = NO;
				GCC_NO_COMMON_BLOCKS = YES;
				GCC_OPTIMIZATION_LEVEL = 0;
				GCC_PREPROCESSOR_DEFINITIONS = (
					"DEBUG=1",
					"$(inherited)",
				);
				GCC_WARN_64_TO_32_BIT_CONVERSION = YES;
				GCC_WARN_ABOUT_RETURN_TYPE = YES_ERROR;
				GCC_WARN_UNDECLARED_SELECTOR = YES;
				GCC_WARN_UNINITIALIZED_AUTOS = YES_AGGRESSIVE;
				GCC_WARN_UNUSED_FUNCTION = YES;
				GCC_WARN_UNUSED_VARIABLE = YES;
				IPHONEOS_DEPLOYMENT_TARGET = 16.2;
				MTL_ENABLE_DEBUG_INFO = INCLUDE_SOURCE;
				MTL_FAST_MATH = YES;
				ONLY_ACTIVE_ARCH = YES;
				SDKROOT = iphoneos;
				SWIFT_ACTIVE_COMPILATION_CONDITIONS = DEBUG;
				SWIFT_OPTIMIZATION_LEVEL = "-Onone";
			};
			name = Debug;
		};
		89F7CD3C29C5B19B005BFA22 /* Release */ = {
			isa = XCBuildConfiguration;
			buildSettings = {
				ALWAYS_SEARCH_USER_PATHS = NO;
				CLANG_ANALYZER_NONNULL = YES;
				CLANG_ANALYZER_NUMBER_OBJECT_CONVERSION = YES_AGGRESSIVE;
				CLANG_CXX_LANGUAGE_STANDARD = "gnu++20";
				CLANG_ENABLE_MODULES = YES;
				CLANG_ENABLE_OBJC_ARC = YES;
				CLANG_ENABLE_OBJC_WEAK = YES;
				CLANG_WARN_BLOCK_CAPTURE_AUTORELEASING = YES;
				CLANG_WARN_BOOL_CONVERSION = YES;
				CLANG_WARN_COMMA = YES;
				CLANG_WARN_CONSTANT_CONVERSION = YES;
				CLANG_WARN_DEPRECATED_OBJC_IMPLEMENTATIONS = YES;
				CLANG_WARN_DIRECT_OBJC_ISA_USAGE = YES_ERROR;
				CLANG_WARN_DOCUMENTATION_COMMENTS = YES;
				CLANG_WARN_EMPTY_BODY = YES;
				CLANG_WARN_ENUM_CONVERSION = YES;
				CLANG_WARN_INFINITE_RECURSION = YES;
				CLANG_WARN_INT_CONVERSION = YES;
				CLANG_WARN_NON_LITERAL_NULL_CONVERSION = YES;
				CLANG_WARN_OBJC_IMPLICIT_RETAIN_SELF = YES;
				CLANG_WARN_OBJC_LITERAL_CONVERSION = YES;
				CLANG_WARN_OBJC_ROOT_CLASS = YES_ERROR;
				CLANG_WARN_QUOTED_INCLUDE_IN_FRAMEWORK_HEADER = YES;
				CLANG_WARN_RANGE_LOOP_ANALYSIS = YES;
				CLANG_WARN_STRICT_PROTOTYPES = YES;
				CLANG_WARN_SUSPICIOUS_MOVE = YES;
				CLANG_WARN_UNGUARDED_AVAILABILITY = YES_AGGRESSIVE;
				CLANG_WARN_UNREACHABLE_CODE = YES;
				CLANG_WARN__DUPLICATE_METHOD_MATCH = YES;
				COPY_PHASE_STRIP = NO;
				DEBUG_INFORMATION_FORMAT = "dwarf-with-dsym";
				ENABLE_NS_ASSERTIONS = NO;
				ENABLE_STRICT_OBJC_MSGSEND = YES;
				GCC_C_LANGUAGE_STANDARD = gnu11;
				GCC_NO_COMMON_BLOCKS = YES;
				GCC_WARN_64_TO_32_BIT_CONVERSION = YES;
				GCC_WARN_ABOUT_RETURN_TYPE = YES_ERROR;
				GCC_WARN_UNDECLARED_SELECTOR = YES;
				GCC_WARN_UNINITIALIZED_AUTOS = YES_AGGRESSIVE;
				GCC_WARN_UNUSED_FUNCTION = YES;
				GCC_WARN_UNUSED_VARIABLE = YES;
				IPHONEOS_DEPLOYMENT_TARGET = 16.2;
				MTL_ENABLE_DEBUG_INFO = NO;
				MTL_FAST_MATH = YES;
				SDKROOT = iphoneos;
				SWIFT_COMPILATION_MODE = wholemodule;
				SWIFT_OPTIMIZATION_LEVEL = "-O";
				VALIDATE_PRODUCT = YES;
			};
			name = Release;
		};
		89F7CD3E29C5B19B005BFA22 /* Debug */ = {
			isa = XCBuildConfiguration;
			buildSettings = {
				ASSETCATALOG_COMPILER_APPICON_NAME = AppIcon;
				ASSETCATALOG_COMPILER_GLOBAL_ACCENT_COLOR_NAME = AccentColor;
				CODE_SIGN_STYLE = Automatic;
				CURRENT_PROJECT_VERSION = 1;
				DEVELOPMENT_ASSET_PATHS = "\"BetterEnglish/Preview Content\"";
				DEVELOPMENT_TEAM = "";
				ENABLE_PREVIEWS = YES;
				GENERATE_INFOPLIST_FILE = YES;
				INFOPLIST_FILE = BetterEnglish/Info.plist;
				INFOPLIST_KEY_UIApplicationSupportsIndirectInputEvents = YES;
				INFOPLIST_KEY_UILaunchScreen_Generation = YES;
				INFOPLIST_KEY_UISupportedInterfaceOrientations_iPad = "UIInterfaceOrientationPortrait UIInterfaceOrientationPortraitUpsideDown UIInterfaceOrientationLandscapeLeft UIInterfaceOrientationLandscapeRight";
				INFOPLIST_KEY_UISupportedInterfaceOrientations_iPhone = "UIInterfaceOrientationPortrait UIInterfaceOrientationLandscapeLeft UIInterfaceOrientationLandscapeRight";
				LD_RUNPATH_SEARCH_PATHS = (
					"$(inherited)",
					"@executable_path/Frameworks",
				);
				MARKETING_VERSION = 1.0;
				PRODUCT_BUNDLE_IDENTIFIER = app.BetterEnglish;
				PRODUCT_NAME = "$(TARGET_NAME)";
				SWIFT_EMIT_LOC_STRINGS = YES;
				SWIFT_VERSION = 5.0;
				TARGETED_DEVICE_FAMILY = "1,2";
			};
			name = Debug;
		};
		89F7CD3F29C5B19B005BFA22 /* Release */ = {
			isa = XCBuildConfiguration;
			buildSettings = {
				ASSETCATALOG_COMPILER_APPICON_NAME = AppIcon;
				ASSETCATALOG_COMPILER_GLOBAL_ACCENT_COLOR_NAME = AccentColor;
				CODE_SIGN_STYLE = Automatic;
				CURRENT_PROJECT_VERSION = 1;
				DEVELOPMENT_ASSET_PATHS = "\"BetterEnglish/Preview Content\"";
				DEVELOPMENT_TEAM = "";
				ENABLE_PREVIEWS = YES;
				GENERATE_INFOPLIST_FILE = YES;
				INFOPLIST_FILE = BetterEnglish/Info.plist;
				INFOPLIST_KEY_UIApplicationSupportsIndirectInputEvents = YES;
				INFOPLIST_KEY_UILaunchScreen_Generation = YES;
				INFOPLIST_KEY_UISupportedInterfaceOrientations_iPad = "UIInterfaceOrientationPortrait UIInterfaceOrientationPortraitUpsideDown UIInterfaceOrientationLandscapeLeft UIInterfaceOrientationLandscapeRight";
				INFOPLIST_KEY_UISupportedInterfaceOrientations_iPhone = "UIInterfaceOrientationPortrait UIInterfaceOrientationLandscapeLeft UIInterfaceOrientationLandscapeRight";
				LD_RUNPATH_SEARCH_PATHS = (
					"$(inherited)",
					"@executable_path/Frameworks",
				);
				MARKETING_VERSION = 1.0;
				PRODUCT_BUNDLE_IDENTIFIER = app.BetterEnglish;
				PRODUCT_NAME = "$(TARGET_NAME)";
				SWIFT_EMIT_LOC_STRINGS = YES;
				SWIFT_VERSION = 5.0;
				TARGETED_DEVICE_FAMILY = "1,2";
			};
			name = Release;
		};
		89F7CD4129C5B19B005BFA22 /* Debug */ = {
			isa = XCBuildConfiguration;
			buildSettings = {
				ALWAYS_EMBED_SWIFT_STANDARD_LIBRARIES = YES;
				BUNDLE_LOADER = "$(TEST_HOST)";
				CODE_SIGN_STYLE = Automatic;
				CURRENT_PROJECT_VERSION = 1;
				GENERATE_INFOPLIST_FILE = YES;
				IPHONEOS_DEPLOYMENT_TARGET = 16.2;
				MARKETING_VERSION = 1.0;
				PRODUCT_BUNDLE_IDENTIFIER = app.BetterEnglishTests;
				PRODUCT_NAME = "$(TARGET_NAME)";
				SWIFT_EMIT_LOC_STRINGS = NO;
				SWIFT_VERSION = 5.0;
				TARGETED_DEVICE_FAMILY = "1,2";
				TEST_HOST = "$(BUILT_PRODUCTS_DIR)/BetterEnglish.app/$(BUNDLE_EXECUTABLE_FOLDER_PATH)/BetterEnglish";
			};
			name = Debug;
		};
		89F7CD4229C5B19B005BFA22 /* Release */ = {
			isa = XCBuildConfiguration;
			buildSettings = {
				ALWAYS_EMBED_SWIFT_STANDARD_LIBRARIES = YES;
				BUNDLE_LOADER = "$(TEST_HOST)";
				CODE_SIGN_STYLE = Automatic;
				CURRENT_PROJECT_VERSION = 1;
				GENERATE_INFOPLIST_FILE = YES;
				IPHONEOS_DEPLOYMENT_TARGET = 16.2;
				MARKETING_VERSION = 1.0;
				PRODUCT_BUNDLE_IDENTIFIER = app.BetterEnglishTests;
				PRODUCT_NAME = "$(TARGET_NAME)";
				SWIFT_EMIT_LOC_STRINGS = NO;
				SWIFT_VERSION = 5.0;
				TARGETED_DEVICE_FAMILY = "1,2";
				TEST_HOST = "$(BUILT_PRODUCTS_DIR)/BetterEnglish.app/$(BUNDLE_EXECUTABLE_FOLDER_PATH)/BetterEnglish";
			};
			name = Release;
		};
		89F7CD4429C5B19B005BFA22 /* Debug */ = {
			isa = XCBuildConfiguration;
			buildSettings = {
				ALWAYS_EMBED_SWIFT_STANDARD_LIBRARIES = YES;
				CODE_SIGN_STYLE = Automatic;
				CURRENT_PROJECT_VERSION = 1;
				GENERATE_INFOPLIST_FILE = YES;
				MARKETING_VERSION = 1.0;
				PRODUCT_BUNDLE_IDENTIFIER = app.BetterEnglishUITests;
				PRODUCT_NAME = "$(TARGET_NAME)";
				SWIFT_EMIT_LOC_STRINGS = NO;
				SWIFT_VERSION = 5.0;
				TARGETED_DEVICE_FAMILY = "1,2";
				TEST_TARGET_NAME = BetterEnglish;
			};
			name = Debug;
		};
		89F7CD4529C5B19B005BFA22 /* Release */ = {
			isa = XCBuildConfiguration;
			buildSettings = {
				ALWAYS_EMBED_SWIFT_STANDARD_LIBRARIES = YES;
				CODE_SIGN_STYLE = Automatic;
				CURRENT_PROJECT_VERSION = 1;
				GENERATE_INFOPLIST_FILE = YES;
				MARKETING_VERSION = 1.0;
				PRODUCT_BUNDLE_IDENTIFIER = app.BetterEnglishUITests;
				PRODUCT_NAME = "$(TARGET_NAME)";
				SWIFT_EMIT_LOC_STRINGS = NO;
				SWIFT_VERSION = 5.0;
				TARGETED_DEVICE_FAMILY = "1,2";
				TEST_TARGET_NAME = BetterEnglish;
			};
			name = Release;
		};
/* End XCBuildConfiguration section */

/* Begin XCConfigurationList section */
		89F7CD1429C5B19A005BFA22 /* Build configuration list for PBXProject "BetterEnglish" */ = {
			isa = XCConfigurationList;
			buildConfigurations = (
				89F7CD3B29C5B19B005BFA22 /* Debug */,
				89F7CD3C29C5B19B005BFA22 /* Release */,
			);
			defaultConfigurationIsVisible = 0;
			defaultConfigurationName = Release;
		};
		89F7CD3D29C5B19B005BFA22 /* Build configuration list for PBXNativeTarget "BetterEnglish" */ = {
			isa = XCConfigurationList;
			buildConfigurations = (
				89F7CD3E29C5B19B005BFA22 /* Debug */,
				89F7CD3F29C5B19B005BFA22 /* Release */,
			);
			defaultConfigurationIsVisible = 0;
			defaultConfigurationName = Release;
		};
		89F7CD4029C5B19B005BFA22 /* Build configuration list for PBXNativeTarget "BetterEnglishTests" */ = {
			isa = XCConfigurationList;
			buildConfigurations = (
				89F7CD4129C5B19B005BFA22 /* Debug */,
				89F7CD4229C5B19B005BFA22 /* Release */,
			);
			defaultConfigurationIsVisible = 0;
			defaultConfigurationName = Release;
		};
		89F7CD4329C5B19B005BFA22 /* Build configuration list for PBXNativeTarget "BetterEnglishUITests" */ = {
			isa = XCConfigurationList;
			buildConfigurations = (
				89F7CD4429C5B19B005BFA22 /* Debug */,
				89F7CD4529C5B19B005BFA22 /* Release */,
			);
			defaultConfigurationIsVisible = 0;
			defaultConfigurationName = Release;
		};
/* End XCConfigurationList section */

/* Begin XCRemoteSwiftPackageReference section */
		89F8508329CA2B72009D5EB1 /* XCRemoteSwiftPackageReference "firebase-ios-sdk" */ = {
			isa = XCRemoteSwiftPackageReference;
			repositoryURL = "https://github.com/firebase/firebase-ios-sdk";
			requirement = {
				kind = upToNextMajorVersion;
				minimumVersion = 9.0.0;
			};
		};
/* End XCRemoteSwiftPackageReference section */

/* Begin XCSwiftPackageProductDependency section */
		89F8508429CA2B72009D5EB1 /* FirebaseAnalytics */ = {
			isa = XCSwiftPackageProductDependency;
			package = 89F8508329CA2B72009D5EB1 /* XCRemoteSwiftPackageReference "firebase-ios-sdk" */;
			productName = FirebaseAnalytics;
		};
		89F8508629CA2B72009D5EB1 /* FirebaseAnalyticsOnDeviceConversion */ = {
			isa = XCSwiftPackageProductDependency;
			package = 89F8508329CA2B72009D5EB1 /* XCRemoteSwiftPackageReference "firebase-ios-sdk" */;
			productName = FirebaseAnalyticsOnDeviceConversion;
		};
		89F8508829CA2B72009D5EB1 /* FirebaseAnalyticsSwift */ = {
			isa = XCSwiftPackageProductDependency;
			package = 89F8508329CA2B72009D5EB1 /* XCRemoteSwiftPackageReference "firebase-ios-sdk" */;
			productName = FirebaseAnalyticsSwift;
		};
		89F8508A29CA2B72009D5EB1 /* FirebaseAnalyticsWithoutAdIdSupport */ = {
			isa = XCSwiftPackageProductDependency;
			package = 89F8508329CA2B72009D5EB1 /* XCRemoteSwiftPackageReference "firebase-ios-sdk" */;
			productName = FirebaseAnalyticsWithoutAdIdSupport;
		};
		89F8508C29CA2B72009D5EB1 /* FirebaseAppCheck */ = {
			isa = XCSwiftPackageProductDependency;
			package = 89F8508329CA2B72009D5EB1 /* XCRemoteSwiftPackageReference "firebase-ios-sdk" */;
			productName = FirebaseAppCheck;
		};
		89F8508E29CA2B72009D5EB1 /* FirebaseAppDistribution-Beta */ = {
			isa = XCSwiftPackageProductDependency;
			package = 89F8508329CA2B72009D5EB1 /* XCRemoteSwiftPackageReference "firebase-ios-sdk" */;
			productName = "FirebaseAppDistribution-Beta";
		};
		89F8509029CA2B72009D5EB1 /* FirebaseAuth */ = {
			isa = XCSwiftPackageProductDependency;
			package = 89F8508329CA2B72009D5EB1 /* XCRemoteSwiftPackageReference "firebase-ios-sdk" */;
			productName = FirebaseAuth;
		};
		89F8509229CA2B72009D5EB1 /* FirebaseAuthCombine-Community */ = {
			isa = XCSwiftPackageProductDependency;
			package = 89F8508329CA2B72009D5EB1 /* XCRemoteSwiftPackageReference "firebase-ios-sdk" */;
			productName = "FirebaseAuthCombine-Community";
		};
		89F8509429CA2B72009D5EB1 /* FirebaseCrashlytics */ = {
			isa = XCSwiftPackageProductDependency;
			package = 89F8508329CA2B72009D5EB1 /* XCRemoteSwiftPackageReference "firebase-ios-sdk" */;
			productName = FirebaseCrashlytics;
		};
		89F8509629CA2B72009D5EB1 /* FirebaseDatabase */ = {
			isa = XCSwiftPackageProductDependency;
			package = 89F8508329CA2B72009D5EB1 /* XCRemoteSwiftPackageReference "firebase-ios-sdk" */;
			productName = FirebaseDatabase;
		};
		89F8509829CA2B72009D5EB1 /* FirebaseDatabaseSwift */ = {
			isa = XCSwiftPackageProductDependency;
			package = 89F8508329CA2B72009D5EB1 /* XCRemoteSwiftPackageReference "firebase-ios-sdk" */;
			productName = FirebaseDatabaseSwift;
		};
		89F8509A29CA2B72009D5EB1 /* FirebaseDynamicLinks */ = {
			isa = XCSwiftPackageProductDependency;
			package = 89F8508329CA2B72009D5EB1 /* XCRemoteSwiftPackageReference "firebase-ios-sdk" */;
			productName = FirebaseDynamicLinks;
		};
		89F8509C29CA2B72009D5EB1 /* FirebaseFirestore */ = {
			isa = XCSwiftPackageProductDependency;
			package = 89F8508329CA2B72009D5EB1 /* XCRemoteSwiftPackageReference "firebase-ios-sdk" */;
			productName = FirebaseFirestore;
		};
		89F8509E29CA2B72009D5EB1 /* FirebaseFirestoreCombine-Community */ = {
			isa = XCSwiftPackageProductDependency;
			package = 89F8508329CA2B72009D5EB1 /* XCRemoteSwiftPackageReference "firebase-ios-sdk" */;
			productName = "FirebaseFirestoreCombine-Community";
		};
		89F850A029CA2B72009D5EB1 /* FirebaseFirestoreSwift */ = {
			isa = XCSwiftPackageProductDependency;
			package = 89F8508329CA2B72009D5EB1 /* XCRemoteSwiftPackageReference "firebase-ios-sdk" */;
			productName = FirebaseFirestoreSwift;
		};
		89F850A229CA2B72009D5EB1 /* FirebaseFunctions */ = {
			isa = XCSwiftPackageProductDependency;
			package = 89F8508329CA2B72009D5EB1 /* XCRemoteSwiftPackageReference "firebase-ios-sdk" */;
			productName = FirebaseFunctions;
		};
		89F850A429CA2B72009D5EB1 /* FirebaseFunctionsCombine-Community */ = {
			isa = XCSwiftPackageProductDependency;
			package = 89F8508329CA2B72009D5EB1 /* XCRemoteSwiftPackageReference "firebase-ios-sdk" */;
			productName = "FirebaseFunctionsCombine-Community";
		};
		89F850A629CA2B72009D5EB1 /* FirebaseInAppMessaging-Beta */ = {
			isa = XCSwiftPackageProductDependency;
			package = 89F8508329CA2B72009D5EB1 /* XCRemoteSwiftPackageReference "firebase-ios-sdk" */;
			productName = "FirebaseInAppMessaging-Beta";
		};
		89F850A829CA2B72009D5EB1 /* FirebaseInAppMessagingSwift-Beta */ = {
			isa = XCSwiftPackageProductDependency;
			package = 89F8508329CA2B72009D5EB1 /* XCRemoteSwiftPackageReference "firebase-ios-sdk" */;
			productName = "FirebaseInAppMessagingSwift-Beta";
		};
		89F850AA29CA2B72009D5EB1 /* FirebaseInstallations */ = {
			isa = XCSwiftPackageProductDependency;
			package = 89F8508329CA2B72009D5EB1 /* XCRemoteSwiftPackageReference "firebase-ios-sdk" */;
			productName = FirebaseInstallations;
		};
		89F850AC29CA2B72009D5EB1 /* FirebaseMLModelDownloader */ = {
			isa = XCSwiftPackageProductDependency;
			package = 89F8508329CA2B72009D5EB1 /* XCRemoteSwiftPackageReference "firebase-ios-sdk" */;
			productName = FirebaseMLModelDownloader;
		};
		89F850AE29CA2B72009D5EB1 /* FirebaseMessaging */ = {
			isa = XCSwiftPackageProductDependency;
			package = 89F8508329CA2B72009D5EB1 /* XCRemoteSwiftPackageReference "firebase-ios-sdk" */;
			productName = FirebaseMessaging;
		};
		89F850B029CA2B72009D5EB1 /* FirebasePerformance */ = {
			isa = XCSwiftPackageProductDependency;
			package = 89F8508329CA2B72009D5EB1 /* XCRemoteSwiftPackageReference "firebase-ios-sdk" */;
			productName = FirebasePerformance;
		};
		89F850B229CA2B72009D5EB1 /* FirebaseRemoteConfig */ = {
			isa = XCSwiftPackageProductDependency;
			package = 89F8508329CA2B72009D5EB1 /* XCRemoteSwiftPackageReference "firebase-ios-sdk" */;
			productName = FirebaseRemoteConfig;
		};
		89F850B429CA2B72009D5EB1 /* FirebaseRemoteConfigSwift */ = {
			isa = XCSwiftPackageProductDependency;
			package = 89F8508329CA2B72009D5EB1 /* XCRemoteSwiftPackageReference "firebase-ios-sdk" */;
			productName = FirebaseRemoteConfigSwift;
		};
		89F850B629CA2B72009D5EB1 /* FirebaseStorage */ = {
			isa = XCSwiftPackageProductDependency;
			package = 89F8508329CA2B72009D5EB1 /* XCRemoteSwiftPackageReference "firebase-ios-sdk" */;
			productName = FirebaseStorage;
		};
		89F850B829CA2B72009D5EB1 /* FirebaseStorageCombine-Community */ = {
			isa = XCSwiftPackageProductDependency;
			package = 89F8508329CA2B72009D5EB1 /* XCRemoteSwiftPackageReference "firebase-ios-sdk" */;
			productName = "FirebaseStorageCombine-Community";
		};
/* End XCSwiftPackageProductDependency section */
	};
	rootObject = 89F7CD1129C5B19A005BFA22 /* Project object */;
}
